
Microsoft Visual Studio Solution File, Format Version 12.00
# Visual Studio Version 17
VisualStudioVersion = 17.5.33627.172
MinimumVisualStudioVersion = 10.0.40219.1
Project("{FAE04EC0-301F-11D3-BF4B-00C04F79EFBC}") = "MyShop.Core", "MyShop.Core\MyShop.Core.csproj", "{24569E2A-4D29-40B8-A847-DA3A6ACE2684}"
EndProject
Project("{FAE04EC0-301F-11D3-BF4B-00C04F79EFBC}") = "MyShop.Service", "MyShop.Service\MyShop.Service.csproj", "{C86A3C61-D1AC-447B-A78F-8B56148FB83F}"
EndProject
Project("{FAE04EC0-301F-11D3-BF4B-00C04F79EFBC}") = "MyShop.DataAccess.SQL", "MyShop.DataAccess.SQL\MyShop.DataAccess.SQL.csproj", "{2B141EDA-34A4-4BA4-9754-28A71479718A}"
EndProject
Project("{FAE04EC0-301F-11D3-BF4B-00C04F79EFBC}") = "MyShop.DataAccess.InMemory", "MyShop.DataAccess.InMemory\MyShop.DataAccess.InMemory.csproj", "{6525AE40-955C-410D-B386-0DE23B600538}"
EndProject
Project("{FAE04EC0-301F-11D3-BF4B-00C04F79EFBC}") = "MyShop.WebUI", "MyShop.WebUI\MyShop.WebUI.csproj", "{1F65942D-0428-487B-B861-DAA12EE115F5}"
EndProject
Project("{FAE04EC0-301F-11D3-BF4B-00C04F79EFBC}") = "MyShop.WebUI.Tests", "MyShop.WebUI.Tests\MyShop.WebUI.Tests.csproj", "{DCAB93C3-8852-4230-8669-D6F446A6D811}"
EndProject
Global
	GlobalSection(SolutionConfigurationPlatforms) = preSolution
		Debug|Any CPU = Debug|Any CPU
		Release|Any CPU = Release|Any CPU
	EndGlobalSection
	GlobalSection(ProjectConfigurationPlatforms) = postSolution
		{24569E2A-4D29-40B8-A847-DA3A6ACE2684}.Debug|Any CPU.ActiveCfg = Debug|Any CPU
		{24569E2A-4D29-40B8-A847-DA3A6ACE2684}.Debug|Any CPU.Build.0 = Debug|Any CPU
		{24569E2A-4D29-40B8-A847-DA3A6ACE2684}.Release|Any CPU.ActiveCfg = Release|Any CPU
		{24569E2A-4D29-40B8-A847-DA3A6ACE2684}.Release|Any CPU.Build.0 = Release|Any CPU
		{C86A3C61-D1AC-447B-A78F-8B56148FB83F}.Debug|Any CPU.ActiveCfg = Debug|Any CPU
		{C86A3C61-D1AC-447B-A78F-8B56148FB83F}.Debug|Any CPU.Build.0 = Debug|Any CPU
		{C86A3C61-D1AC-447B-A78F-8B56148FB83F}.Release|Any CPU.ActiveCfg = Release|Any CPU
		{C86A3C61-D1AC-447B-A78F-8B56148FB83F}.Release|Any CPU.Build.0 = Release|Any CPU
		{2B141EDA-34A4-4BA4-9754-28A71479718A}.Debug|Any CPU.ActiveCfg = Debug|Any CPU
		{2B141EDA-34A4-4BA4-9754-28A71479718A}.Debug|Any CPU.Build.0 = Debug|Any CPU
		{2B141EDA-34A4-4BA4-9754-28A71479718A}.Release|Any CPU.ActiveCfg = Release|Any CPU
		{2B141EDA-34A4-4BA4-9754-28A71479718A}.Release|Any CPU.Build.0 = Release|Any CPU
		{6525AE40-955C-410D-B386-0DE23B600538}.Debug|Any CPU.ActiveCfg = Debug|Any CPU
		{6525AE40-955C-410D-B386-0DE23B600538}.Debug|Any CPU.Build.0 = Debug|Any CPU
		{6525AE40-955C-410D-B386-0DE23B600538}.Release|Any CPU.ActiveCfg = Release|Any CPU
		{6525AE40-955C-410D-B386-0DE23B600538}.Release|Any CPU.Build.0 = Release|Any CPU
		{1F65942D-0428-487B-B861-DAA12EE115F5}.Debug|Any CPU.ActiveCfg = Debug|Any CPU
		{1F65942D-0428-487B-B861-DAA12EE115F5}.Debug|Any CPU.Build.0 = Debug|Any CPU
		{1F65942D-0428-487B-B861-DAA12EE115F5}.Release|Any CPU.ActiveCfg = Release|Any CPU
		{1F65942D-0428-487B-B861-DAA12EE115F5}.Release|Any CPU.Build.0 = Release|Any CPU
		{DCAB93C3-8852-4230-8669-D6F446A6D811}.Debug|Any CPU.ActiveCfg = Debug|Any CPU
		{DCAB93C3-8852-4230-8669-D6F446A6D811}.Debug|Any CPU.Build.0 = Debug|Any CPU
		{DCAB93C3-8852-4230-8669-D6F446A6D811}.Release|Any CPU.ActiveCfg = Release|Any CPU
		{DCAB93C3-8852-4230-8669-D6F446A6D811}.Release|Any CPU.Build.0 = Release|Any CPU
	EndGlobalSection
	GlobalSection(SolutionProperties) = preSolution
		HideSolutionNode = FALSE
	EndGlobalSection
	GlobalSection(ExtensibilityGlobals) = postSolution
		SolutionGuid = {19137133-708A-4032-9458-F5BA994C2D33}
	EndGlobalSection
EndGlobal
